// !$*UTF8*$!
{
	archiveVersion = 1;
	classes = {
	};
	objectVersion = 56;
	objects = {

/* Begin PBXBuildFile section */
		8301D1A12C53863E002F1CE1 /* PredatorMap.swift in Sources */ = {isa = PBXBuildFile; fileRef = 8301D1A02C53863E002F1CE1 /* PredatorMap.swift */; };
		8301D1A72C539F4B002F1CE1 /* Stickers.xcassets in Resources */ = {isa = PBXBuildFile; fileRef = 8301D1A62C539F4B002F1CE1 /* Stickers.xcassets */; };
		8301D1AB2C539F4B002F1CE1 /* ApexStickers.appex in Embed Foundation Extensions */ = {isa = PBXBuildFile; fileRef = 8301D1A42C539F49002F1CE1 /* ApexStickers.appex */; settings = {ATTRIBUTES = (RemoveHeadersOnCopy, ); }; };
		831CBE1A2C526AA6008C8234 /* PredatorDetail.swift in Sources */ = {isa = PBXBuildFile; fileRef = 831CBE192C526AA6008C8234 /* PredatorDetail.swift */; };
		83BC6FEC2C512895003D4EFF /* JPApexPredatorsApp.swift in Sources */ = {isa = PBXBuildFile; fileRef = 83BC6FEB2C512895003D4EFF /* JPApexPredatorsApp.swift */; };
		83BC6FEE2C512895003D4EFF /* ContentView.swift in Sources */ = {isa = PBXBuildFile; fileRef = 83BC6FED2C512895003D4EFF /* ContentView.swift */; };
		83BC6FF02C512896003D4EFF /* Assets.xcassets in Resources */ = {isa = PBXBuildFile; fileRef = 83BC6FEF2C512896003D4EFF /* Assets.xcassets */; };
		83BC6FF32C512896003D4EFF /* Preview Assets.xcassets in Resources */ = {isa = PBXBuildFile; fileRef = 83BC6FF22C512896003D4EFF /* Preview Assets.xcassets */; };
		83BC6FFA2C5128F3003D4EFF /* jpapexpredators.json in Resources */ = {isa = PBXBuildFile; fileRef = 83BC6FF92C5128F3003D4EFF /* jpapexpredators.json */; };
		83BC6FFC2C512AC2003D4EFF /* ApexPredator.swift in Sources */ = {isa = PBXBuildFile; fileRef = 83BC6FFB2C512AC2003D4EFF /* ApexPredator.swift */; };
		83BC6FFE2C512F4B003D4EFF /* Predators.swift in Sources */ = {isa = PBXBuildFile; fileRef = 83BC6FFD2C512F4B003D4EFF /* Predators.swift */; };
/* End PBXBuildFile section */

/* Begin PBXContainerItemProxy section */
		8301D1A92C539F4B002F1CE1 /* PBXContainerItemProxy */ = {
			isa = PBXContainerItemProxy;
			containerPortal = 83BC6FE02C512895003D4EFF /* Project object */;
			proxyType = 1;
			remoteGlobalIDString = 8301D1A32C539F49002F1CE1;
			remoteInfo = ApexStickers;
		};
/* End PBXContainerItemProxy section */

/* Begin PBXCopyFilesBuildPhase section */
		8301D1AF2C539F4B002F1CE1 /* Embed Foundation Extensions */ = {
			isa = PBXCopyFilesBuildPhase;
			buildActionMask = 2147483647;
			dstPath = "";
			dstSubfolderSpec = 13;
			files = (
				8301D1AB2C539F4B002F1CE1 /* ApexStickers.appex in Embed Foundation Extensions */,
			);
			name = "Embed Foundation Extensions";
			runOnlyForDeploymentPostprocessing = 0;
		};
/* End PBXCopyFilesBuildPhase section */

/* Begin PBXFileReference section */
		8301D1A02C53863E002F1CE1 /* PredatorMap.swift */ = {isa = PBXFileReference; lastKnownFileType = sourcecode.swift; path = PredatorMap.swift; sourceTree = "<group>"; };
		8301D1A42C539F49002F1CE1 /* ApexStickers.appex */ = {isa = PBXFileReference; explicitFileType = "wrapper.app-extension"; includeInIndex = 0; path = ApexStickers.appex; sourceTree = BUILT_PRODUCTS_DIR; };
		8301D1A62C539F4B002F1CE1 /* Stickers.xcassets */ = {isa = PBXFileReference; lastKnownFileType = folder.assetcatalog; path = Stickers.xcassets; sourceTree = "<group>"; };
		8301D1A82C539F4B002F1CE1 /* Info.plist */ = {isa = PBXFileReference; lastKnownFileType = text.plist.xml; path = Info.plist; sourceTree = "<group>"; };
		831CBE192C526AA6008C8234 /* PredatorDetail.swift */ = {isa = PBXFileReference; lastKnownFileType = sourcecode.swift; path = PredatorDetail.swift; sourceTree = "<group>"; };
		83BC6FE82C512895003D4EFF /* JPApexPredators.app */ = {isa = PBXFileReference; explicitFileType = wrapper.application; includeInIndex = 0; path = JPApexPredators.app; sourceTree = BUILT_PRODUCTS_DIR; };
		83BC6FEB2C512895003D4EFF /* JPApexPredatorsApp.swift */ = {isa = PBXFileReference; lastKnownFileType = sourcecode.swift; path = JPApexPredatorsApp.swift; sourceTree = "<group>"; };
		83BC6FED2C512895003D4EFF /* ContentView.swift */ = {isa = PBXFileReference; lastKnownFileType = sourcecode.swift; path = ContentView.swift; sourceTree = "<group>"; };
		83BC6FEF2C512896003D4EFF /* Assets.xcassets */ = {isa = PBXFileReference; lastKnownFileType = folder.assetcatalog; path = Assets.xcassets; sourceTree = "<group>"; };
		83BC6FF22C512896003D4EFF /* Preview Assets.xcassets */ = {isa = PBXFileReference; lastKnownFileType = folder.assetcatalog; path = "Preview Assets.xcassets"; sourceTree = "<group>"; };
		83BC6FF92C5128F3003D4EFF /* jpapexpredators.json */ = {isa = PBXFileReference; fileEncoding = 4; lastKnownFileType = text.json; path = jpapexpredators.json; sourceTree = "<group>"; };
		83BC6FFB2C512AC2003D4EFF /* ApexPredator.swift */ = {isa = PBXFileReference; lastKnownFileType = sourcecode.swift; path = ApexPredator.swift; sourceTree = "<group>"; };
		83BC6FFD2C512F4B003D4EFF /* Predators.swift */ = {isa = PBXFileReference; lastKnownFileType = sourcecode.swift; path = Predators.swift; sourceTree = "<group>"; };
/* End PBXFileReference section */

/* Begin PBXFrameworksBuildPhase section */
		83BC6FE52C512895003D4EFF /* Frameworks */ = {
			isa = PBXFrameworksBuildPhase;
			buildActionMask = 2147483647;
			files = (
			);
			runOnlyForDeploymentPostprocessing = 0;
		};
/* End PBXFrameworksBuildPhase section */

/* Begin PBXGroup section */
		8301D1A52C539F49002F1CE1 /* ApexStickers */ = {
			isa = PBXGroup;
			children = (
				8301D1A62C539F4B002F1CE1 /* Stickers.xcassets */,
				8301D1A82C539F4B002F1CE1 /* Info.plist */,
			);
			path = ApexStickers;
			sourceTree = "<group>";
		};
		83BC6FDF2C512895003D4EFF = {
			isa = PBXGroup;
			children = (
				83BC6FEA2C512895003D4EFF /* JPApexPredators */,
				8301D1A52C539F49002F1CE1 /* ApexStickers */,
				83BC6FE92C512895003D4EFF /* Products */,
			);
			sourceTree = "<group>";
		};
		83BC6FE92C512895003D4EFF /* Products */ = {
			isa = PBXGroup;
			children = (
				83BC6FE82C512895003D4EFF /* JPApexPredators.app */,
				8301D1A42C539F49002F1CE1 /* ApexStickers.appex */,
			);
			name = Products;
			sourceTree = "<group>";
		};
		83BC6FEA2C512895003D4EFF /* JPApexPredators */ = {
			isa = PBXGroup;
			children = (
				83BC6FEB2C512895003D4EFF /* JPApexPredatorsApp.swift */,
				83BC6FED2C512895003D4EFF /* ContentView.swift */,
				831CBE192C526AA6008C8234 /* PredatorDetail.swift */,
				8301D1A02C53863E002F1CE1 /* PredatorMap.swift */,
				83BC6FFB2C512AC2003D4EFF /* ApexPredator.swift */,
				83BC6FFD2C512F4B003D4EFF /* Predators.swift */,
				83BC6FF92C5128F3003D4EFF /* jpapexpredators.json */,
				83BC6FEF2C512896003D4EFF /* Assets.xcassets */,
				83BC6FF12C512896003D4EFF /* Preview Content */,
			);
			path = JPApexPredators;
			sourceTree = "<group>";
		};
		83BC6FF12C512896003D4EFF /* Preview Content */ = {
			isa = PBXGroup;
			children = (
				83BC6FF22C512896003D4EFF /* Preview Assets.xcassets */,
			);
			path = "Preview Content";
			sourceTree = "<group>";
		};
/* End PBXGroup section */

/* Begin PBXNativeTarget section */
		8301D1A32C539F49002F1CE1 /* ApexStickers */ = {
			isa = PBXNativeTarget;
			buildConfigurationList = 8301D1AC2C539F4B002F1CE1 /* Build configuration list for PBXNativeTarget "ApexStickers" */;
			buildPhases = (
				8301D1A22C539F49002F1CE1 /* Resources */,
			);
			buildRules = (
			);
			dependencies = (
			);
			name = ApexStickers;
			productName = ApexStickers;
			productReference = 8301D1A42C539F49002F1CE1 /* ApexStickers.appex */;
			productType = "com.apple.product-type.app-extension.messages-sticker-pack";
		};
		83BC6FE72C512895003D4EFF /* JPApexPredators */ = {
			isa = PBXNativeTarget;
			buildConfigurationList = 83BC6FF62C512896003D4EFF /* Build configuration list for PBXNativeTarget "JPApexPredators" */;
			buildPhases = (
				83BC6FE42C512895003D4EFF /* Sources */,
				83BC6FE52C512895003D4EFF /* Frameworks */,
				83BC6FE62C512895003D4EFF /* Resources */,
				8301D1AF2C539F4B002F1CE1 /* Embed Foundation Extensions */,
			);
			buildRules = (
			);
			dependencies = (
				8301D1AA2C539F4B002F1CE1 /* PBXTargetDependency */,
			);
			name = JPApexPredators;
			productName = JPApexPredators;
			productReference = 83BC6FE82C512895003D4EFF /* JPApexPredators.app */;
			productType = "com.apple.product-type.application";
		};
/* End PBXNativeTarget section */

/* Begin PBXProject section */
		83BC6FE02C512895003D4EFF /* Project object */ = {
			isa = PBXProject;
			attributes = {
				BuildIndependentTargetsInParallel = 1;
				LastSwiftUpdateCheck = 1540;
				LastUpgradeCheck = 1540;
				TargetAttributes = {
					8301D1A32C539F49002F1CE1 = {
						CreatedOnToolsVersion = 15.4;
					};
					83BC6FE72C512895003D4EFF = {
						CreatedOnToolsVersion = 15.4;
					};
				};
			};
			buildConfigurationList = 83BC6FE32C512895003D4EFF /* Build configuration list for PBXProject "JPApexPredators" */;
			compatibilityVersion = "Xcode 14.0";
			developmentRegion = en;
			hasScannedForEncodings = 0;
			knownRegions = (
				en,
				Base,
			);
			mainGroup = 83BC6FDF2C512895003D4EFF;
			productRefGroup = 83BC6FE92C512895003D4EFF /* Products */;
			projectDirPath = "";
			projectRoot = "";
			targets = (
				83BC6FE72C512895003D4EFF /* JPApexPredators */,
				8301D1A32C539F49002F1CE1 /* ApexStickers */,
			);
		};
/* End PBXProject section */

/* Begin PBXResourcesBuildPhase section */
		8301D1A22C539F49002F1CE1 /* Resources */ = {
			isa = PBXResourcesBuildPhase;
			buildActionMask = 2147483647;
			files = (
				8301D1A72C539F4B002F1CE1 /* Stickers.xcassets in Resources */,
			);
			runOnlyForDeploymentPostprocessing = 0;
		};
		83BC6FE62C512895003D4EFF /* Resources */ = {
			isa = PBXResourcesBuildPhase;
			buildActionMask = 2147483647;
			files = (
				83BC6FF32C512896003D4EFF /* Preview Assets.xcassets in Resources */,
				83BC6FF02C512896003D4EFF /* Assets.xcassets in Resources */,
				83BC6FFA2C5128F3003D4EFF /* jpapexpredators.json in Resources */,
			);
			runOnlyForDeploymentPostprocessing = 0;
		};
/* End PBXResourcesBuildPhase section */

/* Begin PBXSourcesBuildPhase section */
		83BC6FE42C512895003D4EFF /* Sources */ = {
			isa = PBXSourcesBuildPhase;
			buildActionMask = 2147483647;
			files = (
				83BC6FFC2C512AC2003D4EFF /* ApexPredator.swift in Sources */,
				8301D1A12C53863E002F1CE1 /* PredatorMap.swift in Sources */,
				83BC6FEE2C512895003D4EFF /* ContentView.swift in Sources */,
				831CBE1A2C526AA6008C8234 /* PredatorDetail.swift in Sources */,
				83BC6FFE2C512F4B003D4EFF /* Predators.swift in Sources */,
				83BC6FEC2C512895003D4EFF /* JPApexPredatorsApp.swift in Sources */,
			);
			runOnlyForDeploymentPostprocessing = 0;
		};
/* End PBXSourcesBuildPhase section */

/* Begin PBXTargetDependency section */
		8301D1AA2C539F4B002F1CE1 /* PBXTargetDependency */ = {
			isa = PBXTargetDependency;
			target = 8301D1A32C539F49002F1CE1 /* ApexStickers */;
			targetProxy = 8301D1A92C539F4B002F1CE1 /* PBXContainerItemProxy */;
		};
/* End PBXTargetDependency section */

/* Begin XCBuildConfiguration section */
		8301D1AD2C539F4B002F1CE1 /* Debug */ = {
			isa = XCBuildConfiguration;
			buildSettings = {
				ASSETCATALOG_COMPILER_APPICON_NAME = "iMessage App Icon";
				CODE_SIGN_STYLE = Automatic;
				CURRENT_PROJECT_VERSION = 1;
				DEVELOPMENT_TEAM = GUW7DSMR9H;
				GENERATE_INFOPLIST_FILE = YES;
				INFOPLIST_FILE = ApexStickers/Info.plist;
				INFOPLIST_KEY_NSStickerSharingLevel = OS;
				MARKETING_VERSION = 1.0;
				PRODUCT_BUNDLE_IDENTIFIER = com.swappie.JPApexPredators.ApexStickers;
				PRODUCT_NAME = "$(TARGET_NAME)";
				SKIP_INSTALL = YES;
				SWIFT_EMIT_LOC_STRINGS = YES;
				TARGETED_DEVICE_FAMILY = "1,2";
			};
			name = Debug;
		};
		8301D1AE2C539F4B002F1CE1 /* Release */ = {
			isa = XCBuildConfiguration;
			buildSettings = {
				ASSETCATALOG_COMPILER_APPICON_NAME = "iMessage App Icon";
				CODE_SIGN_STYLE = Automatic;
				CURRENT_PROJECT_VERSION = 1;
				DEVELOPMENT_TEAM = GUW7DSMR9H;
				GENERATE_INFOPLIST_FILE = YES;
				INFOPLIST_FILE = ApexStickers/Info.plist;
				INFOPLIST_KEY_NSStickerSharingLevel = OS;
				MARKETING_VERSION = 1.0;
				PRODUCT_BUNDLE_IDENTIFIER = com.swappie.JPApexPredators.ApexStickers;
				PRODUCT_NAME = "$(TARGET_NAME)";
				SKIP_INSTALL = YES;
				SWIFT_EMIT_LOC_STRINGS = YES;
				TARGETED_DEVICE_FAMILY = "1,2";
			};
			name = Release;
		};
		83BC6FF42C512896003D4EFF /* Debug */ = {
			isa = XCBuildConfiguration;
			buildSettings = {
				ALWAYS_SEARCH_USER_PATHS = NO;
				ASSETCATALOG_COMPILER_GENERATE_SWIFT_ASSET_SYMBOL_EXTENSIONS = YES;
				CLANG_ANALYZER_NONNULL = YES;
				CLANG_ANALYZER_NUMBER_OBJECT_CONVERSION = YES_AGGRESSIVE;
				CLANG_CXX_LANGUAGE_STANDARD = "gnu++20";
				CLANG_ENABLE_MODULES = YES;
				CLANG_ENABLE_OBJC_ARC = YES;
				CLANG_ENABLE_OBJC_WEAK = YES;
				CLANG_WARN_BLOCK_CAPTURE_AUTORELEASING = YES;
				CLANG_WARN_BOOL_CONVERSION = YES;
				CLANG_WARN_COMMA = YES;
				CLANG_WARN_CONSTANT_CONVERSION = YES;
				CLANG_WARN_DEPRECATED_OBJC_IMPLEMENTATIONS = YES;
				CLANG_WARN_DIRECT_OBJC_ISA_USAGE = YES_ERROR;
				CLANG_WARN_DOCUMENTATION_COMMENTS = YES;
				CLANG_WARN_EMPTY_BODY = YES;
				CLANG_WARN_ENUM_CONVERSION = YES;
				CLANG_WARN_INFINITE_RECURSION = YES;
				CLANG_WARN_INT_CONVERSION = YES;
				CLANG_WARN_NON_LITERAL_NULL_CONVERSION = YES;
				CLANG_WARN_OBJC_IMPLICIT_RETAIN_SELF = YES;
				CLANG_WARN_OBJC_LITERAL_CONVERSION = YES;
				CLANG_WARN_OBJC_ROOT_CLASS = YES_ERROR;
				CLANG_WARN_QUOTED_INCLUDE_IN_FRAMEWORK_HEADER = YES;
				CLANG_WARN_RANGE_LOOP_ANALYSIS = YES;
				CLANG_WARN_STRICT_PROTOTYPES = YES;
				CLANG_WARN_SUSPICIOUS_MOVE = YES;
				CLANG_WARN_UNGUARDED_AVAILABILITY = YES_AGGRESSIVE;
				CLANG_WARN_UNREACHABLE_CODE = YES;
				CLANG_WARN__DUPLICATE_METHOD_MATCH = YES;
				COPY_PHASE_STRIP = NO;
				DEBUG_INFORMATION_FORMAT = dwarf;
				ENABLE_STRICT_OBJC_MSGSEND = YES;
				ENABLE_TESTABILITY = YES;
				ENABLE_USER_SCRIPT_SANDBOXING = YES;
				GCC_C_LANGUAGE_STANDARD = gnu17;
				GCC_DYNAMIC_NO_PIC = NO;
				GCC_NO_COMMON_BLOCKS = YES;
				GCC_OPTIMIZATION_LEVEL = 0;
				GCC_PREPROCESSOR_DEFINITIONS = (
					"DEBUG=1",
					"$(inherited)",
				);
				GCC_WARN_64_TO_32_BIT_CONVERSION = YES;
				GCC_WARN_ABOUT_RETURN_TYPE = YES_ERROR;
				GCC_WARN_UNDECLARED_SELECTOR = YES;
				GCC_WARN_UNINITIALIZED_AUTOS = YES_AGGRESSIVE;
				GCC_WARN_UNUSED_FUNCTION = YES;
				GCC_WARN_UNUSED_VARIABLE = YES;
				IPHONEOS_DEPLOYMENT_TARGET = 17.5;
				LOCALIZATION_PREFERS_STRING_CATALOGS = YES;
				MTL_ENABLE_DEBUG_INFO = INCLUDE_SOURCE;
				MTL_FAST_MATH = YES;
				ONLY_ACTIVE_ARCH = YES;
				SDKROOT = iphoneos;
				SWIFT_ACTIVE_COMPILATION_CONDITIONS = "DEBUG $(inherited)";
				SWIFT_OPTIMIZATION_LEVEL = "-Onone";
			};
			name = Debug;
		};
		83BC6FF52C512896003D4EFF /* Release */ = {
			isa = XCBuildConfiguration;
			buildSettings = {
				ALWAYS_SEARCH_USER_PATHS = NO;
				ASSETCATALOG_COMPILER_GENERATE_SWIFT_ASSET_SYMBOL_EXTENSIONS = YES;
				CLANG_ANALYZER_NONNULL = YES;
				CLANG_ANALYZER_NUMBER_OBJECT_CONVERSION = YES_AGGRESSIVE;
				CLANG_CXX_LANGUAGE_STANDARD = "gnu++20";
				CLANG_ENABLE_MODULES = YES;
				CLANG_ENABLE_OBJC_ARC = YES;
				CLANG_ENABLE_OBJC_WEAK = YES;
				CLANG_WARN_BLOCK_CAPTURE_AUTORELEASING = YES;
				CLANG_WARN_BOOL_CONVERSION = YES;
				CLANG_WARN_COMMA = YES;
				CLANG_WARN_CONSTANT_CONVERSION = YES;
				CLANG_WARN_DEPRECATED_OBJC_IMPLEMENTATIONS = YES;
				CLANG_WARN_DIRECT_OBJC_ISA_USAGE = YES_ERROR;
				CLANG_WARN_DOCUMENTATION_COMMENTS = YES;
				CLANG_WARN_EMPTY_BODY = YES;
				CLANG_WARN_ENUM_CONVERSION = YES;
				CLANG_WARN_INFINITE_RECURSION = YES;
				CLANG_WARN_INT_CONVERSION = YES;
				CLANG_WARN_NON_LITERAL_NULL_CONVERSION = YES;
				CLANG_WARN_OBJC_IMPLICIT_RETAIN_SELF = YES;
				CLANG_WARN_OBJC_LITERAL_CONVERSION = YES;
				CLANG_WARN_OBJC_ROOT_CLASS = YES_ERROR;
				CLANG_WARN_QUOTED_INCLUDE_IN_FRAMEWORK_HEADER = YES;
				CLANG_WARN_RANGE_LOOP_ANALYSIS = YES;
				CLANG_WARN_STRICT_PROTOTYPES = YES;
				CLANG_WARN_SUSPICIOUS_MOVE = YES;
				CLANG_WARN_UNGUARDED_AVAILABILITY = YES_AGGRESSIVE;
				CLANG_WARN_UNREACHABLE_CODE = YES;
				CLANG_WARN__DUPLICATE_METHOD_MATCH = YES;
				COPY_PHASE_STRIP = NO;
				DEBUG_INFORMATION_FORMAT = "dwarf-with-dsym";
				ENABLE_NS_ASSERTIONS = NO;
				ENABLE_STRICT_OBJC_MSGSEND = YES;
				ENABLE_USER_SCRIPT_SANDBOXING = YES;
				GCC_C_LANGUAGE_STANDARD = gnu17;
				GCC_NO_COMMON_BLOCKS = YES;
				GCC_WARN_64_TO_32_BIT_CONVERSION = YES;
				GCC_WARN_ABOUT_RETURN_TYPE = YES_ERROR;
				GCC_WARN_UNDECLARED_SELECTOR = YES;
				GCC_WARN_UNINITIALIZED_AUTOS = YES_AGGRESSIVE;
				GCC_WARN_UNUSED_FUNCTION = YES;
				GCC_WARN_UNUSED_VARIABLE = YES;
				IPHONEOS_DEPLOYMENT_TARGET = 17.5;
				LOCALIZATION_PREFERS_STRING_CATALOGS = YES;
				MTL_ENABLE_DEBUG_INFO = NO;
				MTL_FAST_MATH = YES;
				SDKROOT = iphoneos;
				SWIFT_COMPILATION_MODE = wholemodule;
				VALIDATE_PRODUCT = YES;
			};
			name = Release;
		};
		83BC6FF72C512896003D4EFF /* Debug */ = {
			isa = XCBuildConfiguration;
			buildSettings = {
				ASSETCATALOG_COMPILER_APPICON_NAME = AppIcon;
				ASSETCATALOG_COMPILER_GLOBAL_ACCENT_COLOR_NAME = AccentColor;
				CODE_SIGN_STYLE = Automatic;
				CURRENT_PROJECT_VERSION = 1;
				DEVELOPMENT_ASSET_PATHS = "\"JPApexPredators/Preview Content\"";
				DEVELOPMENT_TEAM = GUW7DSMR9H;
				ENABLE_PREVIEWS = YES;
				GENERATE_INFOPLIST_FILE = YES;
				INFOPLIST_KEY_UIApplicationSceneManifest_Generation = YES;
				INFOPLIST_KEY_UIApplicationSupportsIndirectInputEvents = YES;
				INFOPLIST_KEY_UILaunchScreen_Generation = YES;
				INFOPLIST_KEY_UISupportedInterfaceOrientations_iPad = "UIInterfaceOrientationPortrait UIInterfaceOrientationPortraitUpsideDown UIInterfaceOrientationLandscapeLeft UIInterfaceOrientationLandscapeRight";
				INFOPLIST_KEY_UISupportedInterfaceOrientations_iPhone = "UIInterfaceOrientationPortrait UIInterfaceOrientationLandscapeLeft UIInterfaceOrientationLandscapeRight";
				LD_RUNPATH_SEARCH_PATHS = (
					"$(inherited)",
					"@executable_path/Frameworks",
				);
				MARKETING_VERSION = 1.0;
				PRODUCT_BUNDLE_IDENTIFIER = com.swappie.JPApexPredators;
				PRODUCT_NAME = "$(TARGET_NAME)";
				SWIFT_EMIT_LOC_STRINGS = YES;
				SWIFT_VERSION = 5.0;
				TARGETED_DEVICE_FAMILY = "1,2";
			};
			name = Debug;
		};
		83BC6FF82C512896003D4EFF /* Release */ = {
			isa = XCBuildConfiguration;
			buildSettings = {
				ASSETCATALOG_COMPILER_APPICON_NAME = AppIcon;
				ASSETCATALOG_COMPILER_GLOBAL_ACCENT_COLOR_NAME = AccentColor;
				CODE_SIGN_STYLE = Automatic;
				CURRENT_PROJECT_VERSION = 1;
				DEVELOPMENT_ASSET_PATHS = "\"JPApexPredators/Preview Content\"";
				DEVELOPMENT_TEAM = GUW7DSMR9H;
				ENABLE_PREVIEWS = YES;
				GENERATE_INFOPLIST_FILE = YES;
				INFOPLIST_KEY_UIApplicationSceneManifest_Generation = YES;
				INFOPLIST_KEY_UIApplicationSupportsIndirectInputEvents = YES;
				INFOPLIST_KEY_UILaunchScreen_Generation = YES;
				INFOPLIST_KEY_UISupportedInterfaceOrientations_iPad = "UIInterfaceOrientationPortrait UIInterfaceOrientationPortraitUpsideDown UIInterfaceOrientationLandscapeLeft UIInterfaceOrientationLandscapeRight";
				INFOPLIST_KEY_UISupportedInterfaceOrientations_iPhone = "UIInterfaceOrientationPortrait UIInterfaceOrientationLandscapeLeft UIInterfaceOrientationLandscapeRight";
				LD_RUNPATH_SEARCH_PATHS = (
					"$(inherited)",
					"@executable_path/Frameworks",
				);
				MARKETING_VERSION = 1.0;
				PRODUCT_BUNDLE_IDENTIFIER = com.swappie.JPApexPredators;
				PRODUCT_NAME = "$(TARGET_NAME)";
				SWIFT_EMIT_LOC_STRINGS = YES;
				SWIFT_VERSION = 5.0;
				TARGETED_DEVICE_FAMILY = "1,2";
			};
			name = Release;
		};
/* End XCBuildConfiguration section */

/* Begin XCConfigurationList section */
		8301D1AC2C539F4B002F1CE1 /* Build configuration list for PBXNativeTarget "ApexStickers" */ = {
			isa = XCConfigurationList;
			buildConfigurations = (
				8301D1AD2C539F4B002F1CE1 /* Debug */,
				8301D1AE2C539F4B002F1CE1 /* Release */,
			);
			defaultConfigurationIsVisible = 0;
			defaultConfigurationName = Release;
		};
		83BC6FE32C512895003D4EFF /* Build configuration list for PBXProject "JPApexPredators" */ = {
			isa = XCConfigurationList;
			buildConfigurations = (
				83BC6FF42C512896003D4EFF /* Debug */,
				83BC6FF52C512896003D4EFF /* Release */,
			);
			defaultConfigurationIsVisible = 0;
			defaultConfigurationName = Release;
		};
		83BC6FF62C512896003D4EFF /* Build configuration list for PBXNativeTarget "JPApexPredators" */ = {
			isa = XCConfigurationList;
			buildConfigurations = (
				83BC6FF72C512896003D4EFF /* Debug */,
				83BC6FF82C512896003D4EFF /* Release */,
			);
			defaultConfigurationIsVisible = 0;
			defaultConfigurationName = Release;
		};
/* End XCConfigurationList section */
	};
	rootObject = 83BC6FE02C512895003D4EFF /* Project object */;
}
